// !$*UTF8*$!
{
	archiveVersion = 1;
	classes = {
	};
	objectVersion = 48;
	objects = {

/* Begin PBXBuildFile section */
		5C83818B1F7C7BE000A0D73A /* AppDelegate.swift in Sources */ = {isa = PBXBuildFile; fileRef = 5C83818A1F7C7BE000A0D73A /* AppDelegate.swift */; };
		5C83818D1F7C7BE000A0D73A /* ViewController.swift in Sources */ = {isa = PBXBuildFile; fileRef = 5C83818C1F7C7BE000A0D73A /* ViewController.swift */; };
		5C83818F1F7C7BE000A0D73A /* Assets.xcassets in Resources */ = {isa = PBXBuildFile; fileRef = 5C83818E1F7C7BE000A0D73A /* Assets.xcassets */; };
		5C8381921F7C7BE000A0D73A /* Main.storyboard in Resources */ = {isa = PBXBuildFile; fileRef = 5C8381901F7C7BE000A0D73A /* Main.storyboard */; };
		5C83819B1F7C7C9F00A0D73A /* Tin.framework in Frameworks */ = {isa = PBXBuildFile; fileRef = 5C83819A1F7C7C8800A0D73A /* Tin.framework */; settings = {ATTRIBUTES = (Required, ); }; };
		5C83819C1F7C7C9F00A0D73A /* Tin.framework in Embed Frameworks */ = {isa = PBXBuildFile; fileRef = 5C83819A1F7C7C8800A0D73A /* Tin.framework */; settings = {ATTRIBUTES = (CodeSignOnCopy, RemoveHeadersOnCopy, ); }; };
		5C9347CC2062C33600A6C3B4 /* Box.swift in Sources */ = {isa = PBXBuildFile; fileRef = 5C9347CB2062C33600A6C3B4 /* Box.swift */; };
		5C9347CE2062C47900A6C3B4 /* CircleButton.swift in Sources */ = {isa = PBXBuildFile; fileRef = 5C9347CD2062C47900A6C3B4 /* CircleButton.swift */; };
/* End PBXBuildFile section */

/* Begin PBXCopyFilesBuildPhase section */
		5C83819D1F7C7C9F00A0D73A /* Embed Frameworks */ = {
			isa = PBXCopyFilesBuildPhase;
			buildActionMask = 2147483647;
			dstPath = "";
			dstSubfolderSpec = 10;
			files = (
				5C83819C1F7C7C9F00A0D73A /* Tin.framework in Embed Frameworks */,
			);
			name = "Embed Frameworks";
			runOnlyForDeploymentPostprocessing = 0;
		};
/* End PBXCopyFilesBuildPhase section */

/* Begin PBXFileReference section */
		5C8381871F7C7BE000A0D73A /* TheHatch.app */ = {isa = PBXFileReference; explicitFileType = wrapper.application; includeInIndex = 0; path = TheHatch.app; sourceTree = BUILT_PRODUCTS_DIR; };
		5C83818A1F7C7BE000A0D73A /* AppDelegate.swift */ = {isa = PBXFileReference; lastKnownFileType = sourcecode.swift; path = AppDelegate.swift; sourceTree = "<group>"; };
		5C83818C1F7C7BE000A0D73A /* ViewController.swift */ = {isa = PBXFileReference; lastKnownFileType = sourcecode.swift; path = ViewController.swift; sourceTree = "<group>"; };
		5C83818E1F7C7BE000A0D73A /* Assets.xcassets */ = {isa = PBXFileReference; lastKnownFileType = folder.assetcatalog; path = Assets.xcassets; sourceTree = "<group>"; };
		5C8381911F7C7BE000A0D73A /* Base */ = {isa = PBXFileReference; lastKnownFileType = file.storyboard; name = Base; path = Base.lproj/Main.storyboard; sourceTree = "<group>"; };
		5C8381931F7C7BE000A0D73A /* Info.plist */ = {isa = PBXFileReference; lastKnownFileType = text.plist.xml; path = Info.plist; sourceTree = "<group>"; };
		5C8381941F7C7BE000A0D73A /* TheHatch.entitlements */ = {isa = PBXFileReference; lastKnownFileType = text.plist.entitlements; path = TheHatch.entitlements; sourceTree = "<group>"; };
		5C83819A1F7C7C8800A0D73A /* Tin.framework */ = {isa = PBXFileReference; lastKnownFileType = wrapper.framework; path = Tin.framework; sourceTree = "<group>"; };
		5C9347CB2062C33600A6C3B4 /* Box.swift */ = {isa = PBXFileReference; lastKnownFileType = sourcecode.swift; path = Box.swift; sourceTree = "<group>"; };
		5C9347CD2062C47900A6C3B4 /* CircleButton.swift */ = {isa = PBXFileReference; lastKnownFileType = sourcecode.swift; path = CircleButton.swift; sourceTree = "<group>"; };
/* End PBXFileReference section */

/* Begin PBXFrameworksBuildPhase section */
		5C8381841F7C7BE000A0D73A /* Frameworks */ = {
			isa = PBXFrameworksBuildPhase;
			buildActionMask = 2147483647;
			files = (
				5C83819B1F7C7C9F00A0D73A /* Tin.framework in Frameworks */,
			);
			runOnlyForDeploymentPostprocessing = 0;
		};
/* End PBXFrameworksBuildPhase section */

/* Begin PBXGroup section */
		5C83817E1F7C7BE000A0D73A = {
			isa = PBXGroup;
			children = (
				5C8381891F7C7BE000A0D73A /* TheHatch */,
				5C8381881F7C7BE000A0D73A /* Products */,
			);
			sourceTree = "<group>";
		};
		5C8381881F7C7BE000A0D73A /* Products */ = {
			isa = PBXGroup;
			children = (
				5C8381871F7C7BE000A0D73A /* TheHatch.app */,
			);
			name = Products;
			sourceTree = "<group>";
		};
		5C8381891F7C7BE000A0D73A /* TheHatch */ = {
			isa = PBXGroup;
			children = (
				5C83818A1F7C7BE000A0D73A /* AppDelegate.swift */,
				5C83818C1F7C7BE000A0D73A /* ViewController.swift */,
				5C9347CB2062C33600A6C3B4 /* Box.swift */,
				5C9347CD2062C47900A6C3B4 /* CircleButton.swift */,
				5C83818E1F7C7BE000A0D73A /* Assets.xcassets */,
				5C8381901F7C7BE000A0D73A /* Main.storyboard */,
				5C8381931F7C7BE000A0D73A /* Info.plist */,
				5C8381941F7C7BE000A0D73A /* TheHatch.entitlements */,
				5C83819A1F7C7C8800A0D73A /* Tin.framework */,
			);
			path = TheHatch;
			sourceTree = "<group>";
		};
/* End PBXGroup section */

/* Begin PBXNativeTarget section */
		5C8381861F7C7BE000A0D73A /* TheHatch */ = {
			isa = PBXNativeTarget;
			buildConfigurationList = 5C8381971F7C7BE000A0D73A /* Build configuration list for PBXNativeTarget "TheHatch" */;
			buildPhases = (
				5C8381831F7C7BE000A0D73A /* Sources */,
				5C8381841F7C7BE000A0D73A /* Frameworks */,
				5C8381851F7C7BE000A0D73A /* Resources */,
				5C83819D1F7C7C9F00A0D73A /* Embed Frameworks */,
			);
			buildRules = (
			);
			dependencies = (
			);
			name = TheHatch;
			productName = TileProject;
			productReference = 5C8381871F7C7BE000A0D73A /* TheHatch.app */;
			productType = "com.apple.product-type.application";
		};
/* End PBXNativeTarget section */

/* Begin PBXProject section */
		5C83817F1F7C7BE000A0D73A /* Project object */ = {
			isa = PBXProject;
			attributes = {
				LastSwiftUpdateCheck = 0900;
				LastUpgradeCheck = 1030;
				ORGANIZATIONNAME = ASU;
				TargetAttributes = {
					5C8381861F7C7BE000A0D73A = {
						CreatedOnToolsVersion = 9.0;
						ProvisioningStyle = Automatic;
					};
				};
			};
			buildConfigurationList = 5C8381821F7C7BE000A0D73A /* Build configuration list for PBXProject "TheHatch" */;
			compatibilityVersion = "Xcode 8.0";
			developmentRegion = en;
			hasScannedForEncodings = 0;
			knownRegions = (
				en,
				Base,
			);
			mainGroup = 5C83817E1F7C7BE000A0D73A;
			productRefGroup = 5C8381881F7C7BE000A0D73A /* Products */;
			projectDirPath = "";
			projectRoot = "";
			targets = (
				5C8381861F7C7BE000A0D73A /* TheHatch */,
			);
		};
/* End PBXProject section */

/* Begin PBXResourcesBuildPhase section */
		5C8381851F7C7BE000A0D73A /* Resources */ = {
			isa = PBXResourcesBuildPhase;
			buildActionMask = 2147483647;
			files = (
				5C83818F1F7C7BE000A0D73A /* Assets.xcassets in Resources */,
				5C8381921F7C7BE000A0D73A /* Main.storyboard in Resources */,
			);
			runOnlyForDeploymentPostprocessing = 0;
		};
/* End PBXResourcesBuildPhase section */

/* Begin PBXSourcesBuildPhase section */
		5C8381831F7C7BE000A0D73A /* Sources */ = {
			isa = PBXSourcesBuildPhase;
			buildActionMask = 2147483647;
			files = (
				5C9347CC2062C33600A6C3B4 /* Box.swift in Sources */,
				5C83818D1F7C7BE000A0D73A /* ViewController.swift in Sources */,
				5C83818B1F7C7BE000A0D73A /* AppDelegate.swift in Sources */,
				5C9347CE2062C47900A6C3B4 /* CircleButton.swift in Sources */,
			);
			runOnlyForDeploymentPostprocessing = 0;
		};
/* End PBXSourcesBuildPhase section */

/* Begin PBXVariantGroup section */
		5C8381901F7C7BE000A0D73A /* Main.storyboard */ = {
			isa = PBXVariantGroup;
			children = (
				5C8381911F7C7BE000A0D73A /* Base */,
			);
			name = Main.storyboard;
			sourceTree = "<group>";
		};
/* End PBXVariantGroup section */

/* Begin XCBuildConfiguration section */
		5C8381951F7C7BE000A0D73A /* Debug */ = {
			isa = XCBuildConfiguration;
			buildSettings = {
				ALWAYS_SEARCH_USER_PATHS = NO;
				CLANG_ANALYZER_NONNULL = YES;
				CLANG_ANALYZER_NUMBER_OBJECT_CONVERSION = YES_AGGRESSIVE;
				CLANG_CXX_LANGUAGE_STANDARD = "gnu++14";
				CLANG_CXX_LIBRARY = "libc++";
				CLANG_ENABLE_MODULES = YES;
				CLANG_ENABLE_OBJC_ARC = YES;
				CLANG_WARN_BLOCK_CAPTURE_AUTORELEASING = YES;
				CLANG_WARN_BOOL_CONVERSION = YES;
				CLANG_WARN_COMMA = YES;
				CLANG_WARN_CONSTANT_CONVERSION = YES;
				CLANG_WARN_DEPRECATED_OBJC_IMPLEMENTATIONS = YES;
				CLANG_WARN_DIRECT_OBJC_ISA_USAGE = YES_ERROR;
				CLANG_WARN_DOCUMENTATION_COMMENTS = YES;
				CLANG_WARN_EMPTY_BODY = YES;
				CLANG_WARN_ENUM_CONVERSION = YES;
				CLANG_WARN_INFINITE_RECURSION = YES;
				CLANG_WARN_INT_CONVERSION = YES;
				CLANG_WARN_NON_LITERAL_NULL_CONVERSION = YES;
				CLANG_WARN_OBJC_IMPLICIT_RETAIN_SELF = YES;
				CLANG_WARN_OBJC_LITERAL_CONVERSION = YES;
				CLANG_WARN_OBJC_ROOT_CLASS = YES_ERROR;
				CLANG_WARN_RANGE_LOOP_ANALYSIS = YES;
				CLANG_WARN_STRICT_PROTOTYPES = YES;
				CLANG_WARN_SUSPICIOUS_MOVE = YES;
				CLANG_WARN_UNGUARDED_AVAILABILITY = YES_AGGRESSIVE;
				CLANG_WARN_UNREACHABLE_CODE = YES;
				CLANG_WARN__DUPLICATE_METHOD_MATCH = YES;
				CODE_SIGN_IDENTITY = "-";
				COPY_PHASE_STRIP = NO;
				DEBUG_INFORMATION_FORMAT = dwarf;
				ENABLE_STRICT_OBJC_MSGSEND = YES;
				ENABLE_TESTABILITY = YES;
				GCC_C_LANGUAGE_STANDARD = gnu11;
				GCC_DYNAMIC_NO_PIC = NO;
				GCC_NO_COMMON_BLOCKS = YES;
				GCC_OPTIMIZATION_LEVEL = 0;
				GCC_PREPROCESSOR_DEFINITIONS = (
					"DEBUG=1",
					"$(inherited)",
				);
				GCC_WARN_64_TO_32_BIT_CONVERSION = YES;
				GCC_WARN_ABOUT_RETURN_TYPE = YES_ERROR;
				GCC_WARN_UNDECLARED_SELECTOR = YES;
				GCC_WARN_UNINITIALIZED_AUTOS = YES_AGGRESSIVE;
				GCC_WARN_UNUSED_FUNCTION = YES;
				GCC_WARN_UNUSED_VARIABLE = YES;
				MACOSX_DEPLOYMENT_TARGET = 10.14;
				MTL_ENABLE_DEBUG_INFO = YES;
				ONLY_ACTIVE_ARCH = YES;
				SDKROOT = macosx;
				SWIFT_ACTIVE_COMPILATION_CONDITIONS = DEBUG;
				SWIFT_OPTIMIZATION_LEVEL = "-Onone";
			};
			name = Debug;
		};
		5C8381961F7C7BE000A0D73A /* Release */ = {
			isa = XCBuildConfiguration;
			buildSettings = {
				ALWAYS_SEARCH_USER_PATHS = NO;
				CLANG_ANALYZER_NONNULL = YES;
				CLANG_ANALYZER_NUMBER_OBJECT_CONVERSION = YES_AGGRESSIVE;
				CLANG_CXX_LANGUAGE_STANDARD = "gnu++14";
				CLANG_CXX_LIBRARY = "libc++";
				CLANG_ENABLE_MODULES = YES;
				CLANG_ENABLE_OBJC_ARC = YES;
				CLANG_WARN_BLOCK_CAPTURE_AUTORELEASING = YES;
				CLANG_WARN_BOOL_CONVERSION = YES;
				CLANG_WARN_COMMA = YES;
				CLANG_WARN_CONSTANT_CONVERSION = YES;
				CLANG_WARN_DEPRECATED_OBJC_IMPLEMENTATIONS = YES;
				CLANG_WARN_DIRECT_OBJC_ISA_USAGE = YES_ERROR;
				CLANG_WARN_DOCUMENTATION_COMMENTS = YES;
				CLANG_WARN_EMPTY_BODY = YES;
				CLANG_WARN_ENUM_CONVERSION = YES;
				CLANG_WARN_INFINITE_RECURSION = YES;
				CLANG_WARN_INT_CONVERSION = YES;
				CLANG_WARN_NON_LITERAL_NULL_CONVERSION = YES;
				CLANG_WARN_OBJC_IMPLICIT_RETAIN_SELF = YES;
				CLANG_WARN_OBJC_LITERAL_CONVERSION = YES;
				CLANG_WARN_OBJC_ROOT_CLASS = YES_ERROR;
				CLANG_WARN_RANGE_LOOP_ANALYSIS = YES;
				CLANG_WARN_STRICT_PROTOTYPES = YES;
				CLANG_WARN_SUSPICIOUS_MOVE = YES;
				CLANG_WARN_UNGUARDED_AVAILABILITY = YES_AGGRESSIVE;
				CLANG_WARN_UNREACHABLE_CODE = YES;
				CLANG_WARN__DUPLICATE_METHOD_MATCH = YES;
				CODE_SIGN_IDENTITY = "-";
				COPY_PHASE_STRIP = NO;
				DEBUG_INFORMATION_FORMAT = "dwarf-with-dsym";
				ENABLE_NS_ASSERTIONS = NO;
				ENABLE_STRICT_OBJC_MSGSEND = YES;
				GCC_C_LANGUAGE_STANDARD = gnu11;
				GCC_NO_COMMON_BLOCKS = YES;
				GCC_WARN_64_TO_32_BIT_CONVERSION = YES;
				GCC_WARN_ABOUT_RETURN_TYPE = YES_ERROR;
				GCC_WARN_UNDECLARED_SELECTOR = YES;
				GCC_WARN_UNINITIALIZED_AUTOS = YES_AGGRESSIVE;
				GCC_WARN_UNUSED_FUNCTION = YES;
				GCC_WARN_UNUSED_VARIABLE = YES;
				MACOSX_DEPLOYMENT_TARGET = 10.14;
				MTL_ENABLE_DEBUG_INFO = NO;
				SDKROOT = macosx;
				SWIFT_OPTIMIZATION_LEVEL = "-Owholemodule";
			};
			name = Release;
		};
		5C8381981F7C7BE000A0D73A /* Debug */ = {
			isa = XCBuildConfiguration;
			buildSettings = {
				ASSETCATALOG_COMPILER_APPICON_NAME = AppIcon;
				CODE_SIGN_ENTITLEMENTS = TheHatch/TheHatch.entitlements;
				CODE_SIGN_STYLE = Automatic;
				COMBINE_HIDPI_IMAGES = YES;
				FRAMEWORK_SEARCH_PATHS = (
					"$(inherited)",
					"$(PROJECT_DIR)/TheHatch",
				);
				INFOPLIST_FILE = TheHatch/Info.plist;
				LD_RUNPATH_SEARCH_PATHS = "$(inherited) @executable_path/../Frameworks";
				PRODUCT_BUNDLE_IDENTIFIER = edu.asu.ame.TheHatch;
				PRODUCT_NAME = "$(TARGET_NAME)";
				SWIFT_VERSION = 5.0;
			};
			name = Debug;
		};
		5C8381991F7C7BE000A0D73A /* Release */ = {
			isa = XCBuildConfiguration;
			buildSettings = {
				ASSETCATALOG_COMPILER_APPICON_NAME = AppIcon;
				CODE_SIGN_ENTITLEMENTS = TheHatch/TheHatch.entitlements;
				CODE_SIGN_STYLE = Automatic;
				COMBINE_HIDPI_IMAGES = YES;
				FRAMEWORK_SEARCH_PATHS = (
					"$(inherited)",
					"$(PROJECT_DIR)/TheHatch",
				);
				INFOPLIST_FILE = TheHatch/Info.plist;
				LD_RUNPATH_SEARCH_PATHS = "$(inherited) @executable_path/../Frameworks";
				PRODUCT_BUNDLE_IDENTIFIER = edu.asu.ame.TheHatch;
				PRODUCT_NAME = "$(TARGET_NAME)";
				SWIFT_VERSION = 5.0;
			};
			name = Release;
		};
/* End XCBuildConfiguration section */

/* Begin XCConfigurationList section */
		5C8381821F7C7BE000A0D73A /* Build configuration list for PBXProject "TheHatch" */ = {
			isa = XCConfigurationList;
			buildConfigurations = (
				5C8381951F7C7BE000A0D73A /* Debug */,
				5C8381961F7C7BE000A0D73A /* Release */,
			);
			defaultConfigurationIsVisible = 0;
			defaultConfigurationName = Release;
		};
		5C8381971F7C7BE000A0D73A /* Build configuration list for PBXNativeTarget "TheHatch" */ = {
			isa = XCConfigurationList;
			buildConfigurations = (
				5C8381981F7C7BE000A0D73A /* Debug */,
				5C8381991F7C7BE000A0D73A /* Release */,
			);
			defaultConfigurationIsVisible = 0;
			defaultConfigurationName = Release;
		};
/* End XCConfigurationList section */
	};
	rootObject = 5C83817F1F7C7BE000A0D73A /* Project object */;
}
