// !$*UTF8*$!
{
	archiveVersion = 1;
	classes = {
	};
	objectVersion = 50;
	objects = {

/* Begin PBXBuildFile section */
		7D374CA5255DD89400657243 /* AppDelegate.swift in Sources */ = {isa = PBXBuildFile; fileRef = 7D374CA4255DD89400657243 /* AppDelegate.swift */; };
		7D374CA7255DD89400657243 /* ViewController.swift in Sources */ = {isa = PBXBuildFile; fileRef = 7D374CA6255DD89400657243 /* ViewController.swift */; };
		7D374CA9255DD89700657243 /* Assets.xcassets in Resources */ = {isa = PBXBuildFile; fileRef = 7D374CA8255DD89700657243 /* Assets.xcassets */; };
		7D374CAC255DD89700657243 /* Main.storyboard in Resources */ = {isa = PBXBuildFile; fileRef = 7D374CAA255DD89700657243 /* Main.storyboard */; };
		7D374CDA255DDA3800657243 /* Menu.swift in Sources */ = {isa = PBXBuildFile; fileRef = 7D374CD9255DDA3800657243 /* Menu.swift */; };
		7D374CDF255DDA5C00657243 /* Game.swift in Sources */ = {isa = PBXBuildFile; fileRef = 7D374CDE255DDA5C00657243 /* Game.swift */; };
/* End PBXBuildFile section */

/* Begin PBXContainerItemProxy section */
		7D374CB4255DD89700657243 /* PBXContainerItemProxy */ = {
			isa = PBXContainerItemProxy;
			containerPortal = 7D374C99255DD89400657243 /* Project object */;
			proxyType = 1;
			remoteGlobalIDString = 7D374CA0255DD89400657243;
			remoteInfo = TheRainGame;
		};
		7D374CBF255DD89700657243 /* PBXContainerItemProxy */ = {
			isa = PBXContainerItemProxy;
			containerPortal = 7D374C99255DD89400657243 /* Project object */;
			proxyType = 1;
			remoteGlobalIDString = 7D374CA0255DD89400657243;
			remoteInfo = TheRainGame;
		};
/* End PBXContainerItemProxy section */

/* Begin PBXFileReference section */
		7D374CA1255DD89400657243 /* TheRainGame.app */ = {isa = PBXFileReference; explicitFileType = wrapper.application; includeInIndex = 0; path = TheRainGame.app; sourceTree = BUILT_PRODUCTS_DIR; };
		7D374CA4255DD89400657243 /* AppDelegate.swift */ = {isa = PBXFileReference; lastKnownFileType = sourcecode.swift; path = AppDelegate.swift; sourceTree = "<group>"; };
		7D374CA6255DD89400657243 /* ViewController.swift */ = {isa = PBXFileReference; lastKnownFileType = sourcecode.swift; path = ViewController.swift; sourceTree = "<group>"; };
		7D374CA8255DD89700657243 /* Assets.xcassets */ = {isa = PBXFileReference; lastKnownFileType = folder.assetcatalog; path = Assets.xcassets; sourceTree = "<group>"; };
		7D374CAB255DD89700657243 /* Base */ = {isa = PBXFileReference; lastKnownFileType = file.storyboard; name = Base; path = Base.lproj/Main.storyboard; sourceTree = "<group>"; };
		7D374CAD255DD89700657243 /* Info.plist */ = {isa = PBXFileReference; lastKnownFileType = text.plist.xml; path = Info.plist; sourceTree = "<group>"; };
		7D374CAE255DD89700657243 /* TheRainGame.entitlements */ = {isa = PBXFileReference; lastKnownFileType = text.plist.entitlements; path = TheRainGame.entitlements; sourceTree = "<group>"; };
		7D374CB3255DD89700657243 /* TheRainGameTests.xctest */ = {isa = PBXFileReference; explicitFileType = wrapper.cfbundle; includeInIndex = 0; path = TheRainGameTests.xctest; sourceTree = BUILT_PRODUCTS_DIR; };
		7D374CBE255DD89700657243 /* TheRainGameUITests.xctest */ = {isa = PBXFileReference; explicitFileType = wrapper.cfbundle; includeInIndex = 0; path = TheRainGameUITests.xctest; sourceTree = BUILT_PRODUCTS_DIR; };
		7D374CD9255DDA3800657243 /* Menu.swift */ = {isa = PBXFileReference; lastKnownFileType = sourcecode.swift; path = Menu.swift; sourceTree = "<group>"; };
		7D374CDE255DDA5C00657243 /* Game.swift */ = {isa = PBXFileReference; lastKnownFileType = sourcecode.swift; path = Game.swift; sourceTree = "<group>"; };
/* End PBXFileReference section */

/* Begin PBXFrameworksBuildPhase section */
		7D374C9E255DD89400657243 /* Frameworks */ = {
			isa = PBXFrameworksBuildPhase;
			buildActionMask = 2147483647;
			files = (
			);
			runOnlyForDeploymentPostprocessing = 0;
		};
		7D374CB0255DD89700657243 /* Frameworks */ = {
			isa = PBXFrameworksBuildPhase;
			buildActionMask = 2147483647;
			files = (
			);
			runOnlyForDeploymentPostprocessing = 0;
		};
		7D374CBB255DD89700657243 /* Frameworks */ = {
			isa = PBXFrameworksBuildPhase;
			buildActionMask = 2147483647;
			files = (
			);
			runOnlyForDeploymentPostprocessing = 0;
		};
/* End PBXFrameworksBuildPhase section */

/* Begin PBXGroup section */
		7D374C98255DD89400657243 = {
			isa = PBXGroup;
			children = (
				7D374CA3255DD89400657243 /* TheRainGame */,
				7D374CA2255DD89400657243 /* Products */,
			);
			sourceTree = "<group>";
		};
		7D374CA2255DD89400657243 /* Products */ = {
			isa = PBXGroup;
			children = (
				7D374CA1255DD89400657243 /* TheRainGame.app */,
				7D374CB3255DD89700657243 /* TheRainGameTests.xctest */,
				7D374CBE255DD89700657243 /* TheRainGameUITests.xctest */,
			);
			name = Products;
			sourceTree = "<group>";
		};
		7D374CA3255DD89400657243 /* TheRainGame */ = {
			isa = PBXGroup;
			children = (
				7D374CA4255DD89400657243 /* AppDelegate.swift */,
				7D374CA6255DD89400657243 /* ViewController.swift */,
				7D374CD9255DDA3800657243 /* Menu.swift */,
				7D374CDE255DDA5C00657243 /* Game.swift */,
				7D374CA8255DD89700657243 /* Assets.xcassets */,
				7D374CAA255DD89700657243 /* Main.storyboard */,
				7D374CAD255DD89700657243 /* Info.plist */,
				7D374CAE255DD89700657243 /* TheRainGame.entitlements */,
			);
			path = TheRainGame;
			sourceTree = "<group>";
		};
/* End PBXGroup section */

/* Begin PBXNativeTarget section */
		7D374CA0255DD89400657243 /* TheRainGame */ = {
			isa = PBXNativeTarget;
			buildConfigurationList = 7D374CC7255DD89700657243 /* Build configuration list for PBXNativeTarget "TheRainGame" */;
			buildPhases = (
				7D374C9D255DD89400657243 /* Sources */,
				7D374C9E255DD89400657243 /* Frameworks */,
				7D374C9F255DD89400657243 /* Resources */,
			);
			buildRules = (
			);
			dependencies = (
			);
			name = TheRainGame;
			productName = TheRainGame;
			productReference = 7D374CA1255DD89400657243 /* TheRainGame.app */;
			productType = "com.apple.product-type.application";
		};
		7D374CB2255DD89700657243 /* TheRainGameTests */ = {
			isa = PBXNativeTarget;
			buildConfigurationList = 7D374CCA255DD89700657243 /* Build configuration list for PBXNativeTarget "TheRainGameTests" */;
			buildPhases = (
				7D374CAF255DD89700657243 /* Sources */,
				7D374CB0255DD89700657243 /* Frameworks */,
				7D374CB1255DD89700657243 /* Resources */,
			);
			buildRules = (
			);
			dependencies = (
				7D374CB5255DD89700657243 /* PBXTargetDependency */,
			);
			name = TheRainGameTests;
			productName = TheRainGameTests;
			productReference = 7D374CB3255DD89700657243 /* TheRainGameTests.xctest */;
			productType = "com.apple.product-type.bundle.unit-test";
		};
		7D374CBD255DD89700657243 /* TheRainGameUITests */ = {
			isa = PBXNativeTarget;
			buildConfigurationList = 7D374CCD255DD89700657243 /* Build configuration list for PBXNativeTarget "TheRainGameUITests" */;
			buildPhases = (
				7D374CBA255DD89700657243 /* Sources */,
				7D374CBB255DD89700657243 /* Frameworks */,
				7D374CBC255DD89700657243 /* Resources */,
			);
			buildRules = (
			);
			dependencies = (
				7D374CC0255DD89700657243 /* PBXTargetDependency */,
			);
			name = TheRainGameUITests;
			productName = TheRainGameUITests;
			productReference = 7D374CBE255DD89700657243 /* TheRainGameUITests.xctest */;
			productType = "com.apple.product-type.bundle.ui-testing";
		};
/* End PBXNativeTarget section */

/* Begin PBXProject section */
		7D374C99255DD89400657243 /* Project object */ = {
			isa = PBXProject;
			attributes = {
				LastSwiftUpdateCheck = 1210;
				LastUpgradeCheck = 1210;
				TargetAttributes = {
					7D374CA0255DD89400657243 = {
						CreatedOnToolsVersion = 12.1;
					};
					7D374CB2255DD89700657243 = {
						CreatedOnToolsVersion = 12.1;
						TestTargetID = 7D374CA0255DD89400657243;
					};
					7D374CBD255DD89700657243 = {
						CreatedOnToolsVersion = 12.1;
						TestTargetID = 7D374CA0255DD89400657243;
					};
				};
			};
			buildConfigurationList = 7D374C9C255DD89400657243 /* Build configuration list for PBXProject "TheRainGame" */;
			compatibilityVersion = "Xcode 9.3";
			developmentRegion = en;
			hasScannedForEncodings = 0;
			knownRegions = (
				en,
				Base,
			);
			mainGroup = 7D374C98255DD89400657243;
			productRefGroup = 7D374CA2255DD89400657243 /* Products */;
			projectDirPath = "";
			projectRoot = "";
			targets = (
				7D374CA0255DD89400657243 /* TheRainGame */,
				7D374CB2255DD89700657243 /* TheRainGameTests */,
				7D374CBD255DD89700657243 /* TheRainGameUITests */,
			);
		};
/* End PBXProject section */

/* Begin PBXResourcesBuildPhase section */
		7D374C9F255DD89400657243 /* Resources */ = {
			isa = PBXResourcesBuildPhase;
			buildActionMask = 2147483647;
			files = (
				7D374CA9255DD89700657243 /* Assets.xcassets in Resources */,
				7D374CAC255DD89700657243 /* Main.storyboard in Resources */,
			);
			runOnlyForDeploymentPostprocessing = 0;
		};
		7D374CB1255DD89700657243 /* Resources */ = {
			isa = PBXResourcesBuildPhase;
			buildActionMask = 2147483647;
			files = (
			);
			runOnlyForDeploymentPostprocessing = 0;
		};
		7D374CBC255DD89700657243 /* Resources */ = {
			isa = PBXResourcesBuildPhase;
			buildActionMask = 2147483647;
			files = (
			);
			runOnlyForDeploymentPostprocessing = 0;
		};
/* End PBXResourcesBuildPhase section */

/* Begin PBXSourcesBuildPhase section */
		7D374C9D255DD89400657243 /* Sources */ = {
			isa = PBXSourcesBuildPhase;
			buildActionMask = 2147483647;
			files = (
				7D374CDA255DDA3800657243 /* Menu.swift in Sources */,
				7D374CA7255DD89400657243 /* ViewController.swift in Sources */,
				7D374CA5255DD89400657243 /* AppDelegate.swift in Sources */,
				7D374CDF255DDA5C00657243 /* Game.swift in Sources */,
			);
			runOnlyForDeploymentPostprocessing = 0;
		};
		7D374CAF255DD89700657243 /* Sources */ = {
			isa = PBXSourcesBuildPhase;
			buildActionMask = 2147483647;
			files = (
			);
			runOnlyForDeploymentPostprocessing = 0;
		};
		7D374CBA255DD89700657243 /* Sources */ = {
			isa = PBXSourcesBuildPhase;
			buildActionMask = 2147483647;
			files = (
			);
			runOnlyForDeploymentPostprocessing = 0;
		};
/* End PBXSourcesBuildPhase section */

/* Begin PBXTargetDependency section */
		7D374CB5255DD89700657243 /* PBXTargetDependency */ = {
			isa = PBXTargetDependency;
			target = 7D374CA0255DD89400657243 /* TheRainGame */;
			targetProxy = 7D374CB4255DD89700657243 /* PBXContainerItemProxy */;
		};
		7D374CC0255DD89700657243 /* PBXTargetDependency */ = {
			isa = PBXTargetDependency;
			target = 7D374CA0255DD89400657243 /* TheRainGame */;
			targetProxy = 7D374CBF255DD89700657243 /* PBXContainerItemProxy */;
		};
/* End PBXTargetDependency section */

/* Begin PBXVariantGroup section */
		7D374CAA255DD89700657243 /* Main.storyboard */ = {
			isa = PBXVariantGroup;
			children = (
				7D374CAB255DD89700657243 /* Base */,
			);
			name = Main.storyboard;
			sourceTree = "<group>";
		};
/* End PBXVariantGroup section */

/* Begin XCBuildConfiguration section */
		7D374CC5255DD89700657243 /* Debug */ = {
			isa = XCBuildConfiguration;
			buildSettings = {
				ALWAYS_SEARCH_USER_PATHS = NO;
				CLANG_ANALYZER_NONNULL = YES;
				CLANG_ANALYZER_NUMBER_OBJECT_CONVERSION = YES_AGGRESSIVE;
				CLANG_CXX_LANGUAGE_STANDARD = "gnu++14";
				CLANG_CXX_LIBRARY = "libc++";
				CLANG_ENABLE_MODULES = YES;
				CLANG_ENABLE_OBJC_ARC = YES;
				CLANG_ENABLE_OBJC_WEAK = YES;
				CLANG_WARN_BLOCK_CAPTURE_AUTORELEASING = YES;
				CLANG_WARN_BOOL_CONVERSION = YES;
				CLANG_WARN_COMMA = YES;
				CLANG_WARN_CONSTANT_CONVERSION = YES;
				CLANG_WARN_DEPRECATED_OBJC_IMPLEMENTATIONS = YES;
				CLANG_WARN_DIRECT_OBJC_ISA_USAGE = YES_ERROR;
				CLANG_WARN_DOCUMENTATION_COMMENTS = YES;
				CLANG_WARN_EMPTY_BODY = YES;
				CLANG_WARN_ENUM_CONVERSION = YES;
				CLANG_WARN_INFINITE_RECURSION = YES;
				CLANG_WARN_INT_CONVERSION = YES;
				CLANG_WARN_NON_LITERAL_NULL_CONVERSION = YES;
				CLANG_WARN_OBJC_IMPLICIT_RETAIN_SELF = YES;
				CLANG_WARN_OBJC_LITERAL_CONVERSION = YES;
				CLANG_WARN_OBJC_ROOT_CLASS = YES_ERROR;
				CLANG_WARN_QUOTED_INCLUDE_IN_FRAMEWORK_HEADER = YES;
				CLANG_WARN_RANGE_LOOP_ANALYSIS = YES;
				CLANG_WARN_STRICT_PROTOTYPES = YES;
				CLANG_WARN_SUSPICIOUS_MOVE = YES;
				CLANG_WARN_UNGUARDED_AVAILABILITY = YES_AGGRESSIVE;
				CLANG_WARN_UNREACHABLE_CODE = YES;
				CLANG_WARN__DUPLICATE_METHOD_MATCH = YES;
				COPY_PHASE_STRIP = NO;
				DEBUG_INFORMATION_FORMAT = dwarf;
				ENABLE_STRICT_OBJC_MSGSEND = YES;
				ENABLE_TESTABILITY = YES;
				GCC_C_LANGUAGE_STANDARD = gnu11;
				GCC_DYNAMIC_NO_PIC = NO;
				GCC_NO_COMMON_BLOCKS = YES;
				GCC_OPTIMIZATION_LEVEL = 0;
				GCC_PREPROCESSOR_DEFINITIONS = (
					"DEBUG=1",
					"$(inherited)",
				);
				GCC_WARN_64_TO_32_BIT_CONVERSION = YES;
				GCC_WARN_ABOUT_RETURN_TYPE = YES_ERROR;
				GCC_WARN_UNDECLARED_SELECTOR = YES;
				GCC_WARN_UNINITIALIZED_AUTOS = YES_AGGRESSIVE;
				GCC_WARN_UNUSED_FUNCTION = YES;
				GCC_WARN_UNUSED_VARIABLE = YES;
				MACOSX_DEPLOYMENT_TARGET = 10.15;
				MTL_ENABLE_DEBUG_INFO = INCLUDE_SOURCE;
				MTL_FAST_MATH = YES;
				ONLY_ACTIVE_ARCH = YES;
				SDKROOT = macosx;
				SWIFT_ACTIVE_COMPILATION_CONDITIONS = DEBUG;
				SWIFT_OPTIMIZATION_LEVEL = "-Onone";
			};
			name = Debug;
		};
		7D374CC6255DD89700657243 /* Release */ = {
			isa = XCBuildConfiguration;
			buildSettings = {
				ALWAYS_SEARCH_USER_PATHS = NO;
				CLANG_ANALYZER_NONNULL = YES;
				CLANG_ANALYZER_NUMBER_OBJECT_CONVERSION = YES_AGGRESSIVE;
				CLANG_CXX_LANGUAGE_STANDARD = "gnu++14";
				CLANG_CXX_LIBRARY = "libc++";
				CLANG_ENABLE_MODULES = YES;
				CLANG_ENABLE_OBJC_ARC = YES;
				CLANG_ENABLE_OBJC_WEAK = YES;
				CLANG_WARN_BLOCK_CAPTURE_AUTORELEASING = YES;
				CLANG_WARN_BOOL_CONVERSION = YES;
				CLANG_WARN_COMMA = YES;
				CLANG_WARN_CONSTANT_CONVERSION = YES;
				CLANG_WARN_DEPRECATED_OBJC_IMPLEMENTATIONS = YES;
				CLANG_WARN_DIRECT_OBJC_ISA_USAGE = YES_ERROR;
				CLANG_WARN_DOCUMENTATION_COMMENTS = YES;
				CLANG_WARN_EMPTY_BODY = YES;
				CLANG_WARN_ENUM_CONVERSION = YES;
				CLANG_WARN_INFINITE_RECURSION = YES;
				CLANG_WARN_INT_CONVERSION = YES;
				CLANG_WARN_NON_LITERAL_NULL_CONVERSION = YES;
				CLANG_WARN_OBJC_IMPLICIT_RETAIN_SELF = YES;
				CLANG_WARN_OBJC_LITERAL_CONVERSION = YES;
				CLANG_WARN_OBJC_ROOT_CLASS = YES_ERROR;
				CLANG_WARN_QUOTED_INCLUDE_IN_FRAMEWORK_HEADER = YES;
				CLANG_WARN_RANGE_LOOP_ANALYSIS = YES;
				CLANG_WARN_STRICT_PROTOTYPES = YES;
				CLANG_WARN_SUSPICIOUS_MOVE = YES;
				CLANG_WARN_UNGUARDED_AVAILABILITY = YES_AGGRESSIVE;
				CLANG_WARN_UNREACHABLE_CODE = YES;
				CLANG_WARN__DUPLICATE_METHOD_MATCH = YES;
				COPY_PHASE_STRIP = NO;
				DEBUG_INFORMATION_FORMAT = "dwarf-with-dsym";
				ENABLE_NS_ASSERTIONS = NO;
				ENABLE_STRICT_OBJC_MSGSEND = YES;
				GCC_C_LANGUAGE_STANDARD = gnu11;
				GCC_NO_COMMON_BLOCKS = YES;
				GCC_WARN_64_TO_32_BIT_CONVERSION = YES;
				GCC_WARN_ABOUT_RETURN_TYPE = YES_ERROR;
				GCC_WARN_UNDECLARED_SELECTOR = YES;
				GCC_WARN_UNINITIALIZED_AUTOS = YES_AGGRESSIVE;
				GCC_WARN_UNUSED_FUNCTION = YES;
				GCC_WARN_UNUSED_VARIABLE = YES;
				MACOSX_DEPLOYMENT_TARGET = 10.15;
				MTL_ENABLE_DEBUG_INFO = NO;
				MTL_FAST_MATH = YES;
				SDKROOT = macosx;
				SWIFT_COMPILATION_MODE = wholemodule;
				SWIFT_OPTIMIZATION_LEVEL = "-O";
			};
			name = Release;
		};
		7D374CC8255DD89700657243 /* Debug */ = {
			isa = XCBuildConfiguration;
			buildSettings = {
				ASSETCATALOG_COMPILER_APPICON_NAME = AppIcon;
				ASSETCATALOG_COMPILER_GLOBAL_ACCENT_COLOR_NAME = AccentColor;
				CODE_SIGN_ENTITLEMENTS = TheRainGame/TheRainGame.entitlements;
				CODE_SIGN_STYLE = Automatic;
				COMBINE_HIDPI_IMAGES = YES;
				DEVELOPMENT_TEAM = ZUMZW8A7CA;
				ENABLE_HARDENED_RUNTIME = YES;
				INFOPLIST_FILE = TheRainGame/Info.plist;
				LD_RUNPATH_SEARCH_PATHS = (
					"$(inherited)",
					"@executable_path/../Frameworks",
				);
				PRODUCT_BUNDLE_IDENTIFIER = edu.asu.ame.TheRainGame;
				PRODUCT_NAME = "$(TARGET_NAME)";
				SWIFT_VERSION = 5.0;
			};
			name = Debug;
		};
		7D374CC9255DD89700657243 /* Release */ = {
			isa = XCBuildConfiguration;
			buildSettings = {
				ASSETCATALOG_COMPILER_APPICON_NAME = AppIcon;
				ASSETCATALOG_COMPILER_GLOBAL_ACCENT_COLOR_NAME = AccentColor;
				CODE_SIGN_ENTITLEMENTS = TheRainGame/TheRainGame.entitlements;
				CODE_SIGN_STYLE = Automatic;
				COMBINE_HIDPI_IMAGES = YES;
				DEVELOPMENT_TEAM = ZUMZW8A7CA;
				ENABLE_HARDENED_RUNTIME = YES;
				INFOPLIST_FILE = TheRainGame/Info.plist;
				LD_RUNPATH_SEARCH_PATHS = (
					"$(inherited)",
					"@executable_path/../Frameworks",
				);
				PRODUCT_BUNDLE_IDENTIFIER = edu.asu.ame.TheRainGame;
				PRODUCT_NAME = "$(TARGET_NAME)";
				SWIFT_VERSION = 5.0;
			};
			name = Release;
		};
		7D374CCB255DD89700657243 /* Debug */ = {
			isa = XCBuildConfiguration;
			buildSettings = {
				ALWAYS_EMBED_SWIFT_STANDARD_LIBRARIES = YES;
				BUNDLE_LOADER = "$(TEST_HOST)";
				CODE_SIGN_STYLE = Automatic;
				COMBINE_HIDPI_IMAGES = YES;
				DEVELOPMENT_TEAM = ZUMZW8A7CA;
				INFOPLIST_FILE = TheRainGameTests/Info.plist;
				LD_RUNPATH_SEARCH_PATHS = (
					"$(inherited)",
					"@executable_path/../Frameworks",
					"@loader_path/../Frameworks",
				);
				MACOSX_DEPLOYMENT_TARGET = 10.15;
				PRODUCT_BUNDLE_IDENTIFIER = edu.asu.ame.TheRainGameTests;
				PRODUCT_NAME = "$(TARGET_NAME)";
				SWIFT_VERSION = 5.0;
				TEST_HOST = "$(BUILT_PRODUCTS_DIR)/TheRainGame.app/Contents/MacOS/TheRainGame";
			};
			name = Debug;
		};
		7D374CCC255DD89700657243 /* Release */ = {
			isa = XCBuildConfiguration;
			buildSettings = {
				ALWAYS_EMBED_SWIFT_STANDARD_LIBRARIES = YES;
				BUNDLE_LOADER = "$(TEST_HOST)";
				CODE_SIGN_STYLE = Automatic;
				COMBINE_HIDPI_IMAGES = YES;
				DEVELOPMENT_TEAM = ZUMZW8A7CA;
				INFOPLIST_FILE = TheRainGameTests/Info.plist;
				LD_RUNPATH_SEARCH_PATHS = (
					"$(inherited)",
					"@executable_path/../Frameworks",
					"@loader_path/../Frameworks",
				);
				MACOSX_DEPLOYMENT_TARGET = 10.15;
				PRODUCT_BUNDLE_IDENTIFIER = edu.asu.ame.TheRainGameTests;
				PRODUCT_NAME = "$(TARGET_NAME)";
				SWIFT_VERSION = 5.0;
				TEST_HOST = "$(BUILT_PRODUCTS_DIR)/TheRainGame.app/Contents/MacOS/TheRainGame";
			};
			name = Release;
		};
		7D374CCE255DD89700657243 /* Debug */ = {
			isa = XCBuildConfiguration;
			buildSettings = {
				ALWAYS_EMBED_SWIFT_STANDARD_LIBRARIES = YES;
				CODE_SIGN_STYLE = Automatic;
				COMBINE_HIDPI_IMAGES = YES;
				DEVELOPMENT_TEAM = ZUMZW8A7CA;
				INFOPLIST_FILE = TheRainGameUITests/Info.plist;
				LD_RUNPATH_SEARCH_PATHS = (
					"$(inherited)",
					"@executable_path/../Frameworks",
					"@loader_path/../Frameworks",
				);
				PRODUCT_BUNDLE_IDENTIFIER = edu.asu.ame.TheRainGameUITests;
				PRODUCT_NAME = "$(TARGET_NAME)";
				SWIFT_VERSION = 5.0;
				TEST_TARGET_NAME = TheRainGame;
			};
			name = Debug;
		};
		7D374CCF255DD89700657243 /* Release */ = {
			isa = XCBuildConfiguration;
			buildSettings = {
				ALWAYS_EMBED_SWIFT_STANDARD_LIBRARIES = YES;
				CODE_SIGN_STYLE = Automatic;
				COMBINE_HIDPI_IMAGES = YES;
				DEVELOPMENT_TEAM = ZUMZW8A7CA;
				INFOPLIST_FILE = TheRainGameUITests/Info.plist;
				LD_RUNPATH_SEARCH_PATHS = (
					"$(inherited)",
					"@executable_path/../Frameworks",
					"@loader_path/../Frameworks",
				);
				PRODUCT_BUNDLE_IDENTIFIER = edu.asu.ame.TheRainGameUITests;
				PRODUCT_NAME = "$(TARGET_NAME)";
				SWIFT_VERSION = 5.0;
				TEST_TARGET_NAME = TheRainGame;
			};
			name = Release;
		};
/* End XCBuildConfiguration section */

/* Begin XCConfigurationList section */
		7D374C9C255DD89400657243 /* Build configuration list for PBXProject "TheRainGame" */ = {
			isa = XCConfigurationList;
			buildConfigurations = (
				7D374CC5255DD89700657243 /* Debug */,
				7D374CC6255DD89700657243 /* Release */,
			);
			defaultConfigurationIsVisible = 0;
			defaultConfigurationName = Release;
		};
		7D374CC7255DD89700657243 /* Build configuration list for PBXNativeTarget "TheRainGame" */ = {
			isa = XCConfigurationList;
			buildConfigurations = (
				7D374CC8255DD89700657243 /* Debug */,
				7D374CC9255DD89700657243 /* Release */,
			);
			defaultConfigurationIsVisible = 0;
			defaultConfigurationName = Release;
		};
		7D374CCA255DD89700657243 /* Build configuration list for PBXNativeTarget "TheRainGameTests" */ = {
			isa = XCConfigurationList;
			buildConfigurations = (
				7D374CCB255DD89700657243 /* Debug */,
				7D374CCC255DD89700657243 /* Release */,
			);
			defaultConfigurationIsVisible = 0;
			defaultConfigurationName = Release;
		};
		7D374CCD255DD89700657243 /* Build configuration list for PBXNativeTarget "TheRainGameUITests" */ = {
			isa = XCConfigurationList;
			buildConfigurations = (
				7D374CCE255DD89700657243 /* Debug */,
				7D374CCF255DD89700657243 /* Release */,
			);
			defaultConfigurationIsVisible = 0;
			defaultConfigurationName = Release;
		};
/* End XCConfigurationList section */
	};
	rootObject = 7D374C99255DD89400657243 /* Project object */;
}
